
Microsoft Visual Studio Solution File, Format Version 12.00
# Visual Studio Version 16
VisualStudioVersion = 16.0.29411.108
MinimumVisualStudioVersion = 10.0.40219.1
Project("{9A19103F-16F7-4668-BE54-9A1E7A4F7556}") = "LMake", "LMake\LMake.csproj", "{1113E85B-DC71-4908-906D-473D397846B3}"
EndProject
Project("{9A19103F-16F7-4668-BE54-9A1E7A4F7556}") = "LMake.Core", "LMake.Core\LMake.Core.csproj", "{7DEE7791-C153-4657-A1B6-5E3835A62D87}"
EndProject
Project("{2150E333-8FDC-42A3-9474-1A3956D46DE8}") = "Solution Items", "Solution Items", "{DA7FACA3-8721-46F5-96A1-23FC3EDCFFE6}"
	ProjectSection(SolutionItems) = preProject
		Todo.txt = Todo.txt
	EndProjectSection
EndProject
Global
	GlobalSection(SolutionConfigurationPlatforms) = preSolution
		Debug|Any CPU = Debug|Any CPU
		Release|Any CPU = Release|Any CPU
	EndGlobalSection
	GlobalSection(ProjectConfigurationPlatforms) = postSolution
		{1113E85B-DC71-4908-906D-473D397846B3}.Debug|Any CPU.ActiveCfg = Debug|Any CPU
		{1113E85B-DC71-4908-906D-473D397846B3}.Debug|Any CPU.Build.0 = Debug|Any CPU
		{1113E85B-DC71-4908-906D-473D397846B3}.Release|Any CPU.ActiveCfg = Release|Any CPU
		{1113E85B-DC71-4908-906D-473D397846B3}.Release|Any CPU.Build.0 = Release|Any CPU
		{7DEE7791-C153-4657-A1B6-5E3835A62D87}.Debug|Any CPU.ActiveCfg = Debug|Any CPU
		{7DEE7791-C153-4657-A1B6-5E3835A62D87}.Debug|Any CPU.Build.0 = Debug|Any CPU
		{7DEE7791-C153-4657-A1B6-5E3835A62D87}.Release|Any CPU.ActiveCfg = Release|Any CPU
		{7DEE7791-C153-4657-A1B6-5E3835A62D87}.Release|Any CPU.Build.0 = Release|Any CPU
	EndGlobalSection
	GlobalSection(SolutionProperties) = preSolution
		HideSolutionNode = FALSE
	EndGlobalSection
	GlobalSection(ExtensibilityGlobals) = postSolution
		SolutionGuid = {77031416-C0F1-4FC4-805D-081C31632CAA}
	EndGlobalSection
EndGlobal
